
Microsoft Visual Studio Solution File, Format Version 12.00
# Visual Studio 2012
Project("{FAE04EC0-301F-11D3-BF4B-00C04F79EFBC}") = "HTracking", "HTracking\HTracking.csproj", "{1BD982C8-7909-4ACC-8BE3-CD6576FB3664}"
EndProject
Project("{FAE04EC0-301F-11D3-BF4B-00C04F79EFBC}") = "HTracking.Data", "HTracking.Data\HTracking.Data.csproj", "{C02CEAB0-BE9D-475A-946E-F4E2889EE7EA}"
EndProject
Project("{FAE04EC0-301F-11D3-BF4B-00C04F79EFBC}") = "HTracking.Models", "HTracking.Models\HTracking.Models.csproj", "{048D81E5-2004-4F8B-BF90-B5E5C47F9053}"
EndProject
Global
	GlobalSection(SolutionConfigurationPlatforms) = preSolution
		Debug|Any CPU = Debug|Any CPU
		Release|Any CPU = Release|Any CPU
	EndGlobalSection
	GlobalSection(ProjectConfigurationPlatforms) = postSolution
		{1BD982C8-7909-4ACC-8BE3-CD6576FB3664}.Debug|Any CPU.ActiveCfg = Debug|Any CPU
		{1BD982C8-7909-4ACC-8BE3-CD6576FB3664}.Debug|Any CPU.Build.0 = Debug|Any CPU
		{1BD982C8-7909-4ACC-8BE3-CD6576FB3664}.Release|Any CPU.ActiveCfg = Release|Any CPU
		{1BD982C8-7909-4ACC-8BE3-CD6576FB3664}.Release|Any CPU.Build.0 = Release|Any CPU
		{C02CEAB0-BE9D-475A-946E-F4E2889EE7EA}.Debug|Any CPU.ActiveCfg = Debug|Any CPU
		{C02CEAB0-BE9D-475A-946E-F4E2889EE7EA}.Debug|Any CPU.Build.0 = Debug|Any CPU
		{C02CEAB0-BE9D-475A-946E-F4E2889EE7EA}.Release|Any CPU.ActiveCfg = Release|Any CPU
		{C02CEAB0-BE9D-475A-946E-F4E2889EE7EA}.Release|Any CPU.Build.0 = Release|Any CPU
		{048D81E5-2004-4F8B-BF90-B5E5C47F9053}.Debug|Any CPU.ActiveCfg = Debug|Any CPU
		{048D81E5-2004-4F8B-BF90-B5E5C47F9053}.Debug|Any CPU.Build.0 = Debug|Any CPU
		{048D81E5-2004-4F8B-BF90-B5E5C47F9053}.Release|Any CPU.ActiveCfg = Release|Any CPU
		{048D81E5-2004-4F8B-BF90-B5E5C47F9053}.Release|Any CPU.Build.0 = Release|Any CPU
	EndGlobalSection
EndGlobal
